PODS:
  - VonageClientSDKVoice (1.0.0-rc.1):
    - VonageWebRTC (~> 99.2.39)
  - VonageWebRTC (99.2.39)

DEPENDENCIES:
  - VonageClientSDKVoice (= 1.0.0-rc.1)

SPEC REPOS:
  trunk:
    - VonageClientSDKVoice
    - VonageWebRTC

SPEC CHECKSUMS:
  VonageClientSDKVoice: 73d0b52705ddeea21cbbe928d4689c32a2d42971
  VonageWebRTC: 4b57187170ef4ea435006e932600646a0521d6b0

PODFILE CHECKSUM: 5a8e138b16208fcb9d2f517c678533c583a92d44

COCOAPODS: 1.11.3
